
Microsoft Visual Studio Solution File, Format Version 12.00
# Visual Studio Version 17
VisualStudioVersion = 17.14.36221.1
MinimumVisualStudioVersion = 10.0.40219.1
Project("{8BC9CEB8-8B4A-11D0-8D11-00A0C91BC942}") = "Задание1", "task1\task1.vcxproj", "{25D2F747-B0E3-5CB5-592F-53B6BFDC8541}"
EndProject
Project("{8BC9CEB8-8B4A-11D0-8D11-00A0C91BC942}") = "Задание2", "Задание2\Задание2.vcxproj", "{CD608112-AB2E-31E2-B928-152BF6DB4102}"
EndProject
Project("{8BC9CEB8-8B4A-11D0-8D11-00A0C91BC942}") = "Задание3", "Task3\Task3.vcxproj", "{165C10F0-3C5E-5AB3-55CD-8F7814CB0511}"
EndProject
Project("{8BC9CEB8-8B4A-11D0-8D11-00A0C91BC942}") = "Task4", "Task4\Task4.vcxproj", "{6A0E50BC-8D27-D6C1-5E0C-A9EA8365DAF7}"
EndProject
Project("{8BC9CEB8-8B4A-11D0-8D11-00A0C91BC942}") = "Task4_1", "Task4_1\Task4_1.vcxproj", "{02576562-5369-62D5-0897-64D1B723A157}"
EndProject
Project("{8BC9CEB8-8B4A-11D0-8D11-00A0C91BC942}") = "Task4_2", "Task4_2\Task4_2.vcxproj", "{93685CD1-ADA3-5E60-B178-5DE3C74100BB}"
EndProject
Project("{8BC9CEB8-8B4A-11D0-8D11-00A0C91BC942}") = "Task_traektoria", "Task_traektoria\Task_traektoria.vcxproj", "{A8A6FE6E-A389-8BA4-8277-DFA8D9B9D657}"
EndProject
Project("{8BC9CEB8-8B4A-11D0-8D11-00A0C91BC942}") = "Task6", "Task6\Task6.vcxproj", "{D127D3DF-7AEA-9FE4-4F8A-96C59E06F555}"
EndProject
Project("{8BC9CEB8-8B4A-11D0-8D11-00A0C91BC942}") = "Task6_1", "Task6_1\Task6_1.vcxproj", "{69F0746B-680D-7B6F-C1D8-4EC892E1E058}"
EndProject
Project("{8BC9CEB8-8B4A-11D0-8D11-00A0C91BC942}") = "Task62", "Task62\Task62.vcxproj", "{87365A1C-E062-414A-044B-8CDA849C76BB}"
EndProject
Project("{8BC9CEB8-8B4A-11D0-8D11-00A0C91BC942}") = "Task6_3", "Task6_3\Task6_3.vcxproj", "{CAC269F2-3B7E-6EEE-F070-A282CC7B9DEC}"
EndProject
Project("{8BC9CEB8-8B4A-11D0-8D11-00A0C91BC942}") = "Task5", "Task5\Task5.vcxproj", "{3286E462-B010-46DF-6550-A9943E69D08C}"
EndProject
Project("{8BC9CEB8-8B4A-11D0-8D11-00A0C91BC942}") = "Task7", "Task7\Task7.vcxproj", "{F4F56C4D-5F43-E6DF-68E2-23C4D16F0552}"
EndProject
Global
	GlobalSection(SolutionConfigurationPlatforms) = preSolution
		Debug|x64 = Debug|x64
		Debug|x86 = Debug|x86
		Release|x64 = Release|x64
		Release|x86 = Release|x86
	EndGlobalSection
	GlobalSection(ProjectConfigurationPlatforms) = postSolution
		{25D2F747-B0E3-5CB5-592F-53B6BFDC8541}.Debug|x64.ActiveCfg = Debug|x64
		{25D2F747-B0E3-5CB5-592F-53B6BFDC8541}.Debug|x64.Build.0 = Debug|x64
		{25D2F747-B0E3-5CB5-592F-53B6BFDC8541}.Debug|x86.ActiveCfg = Debug|Win32
		{25D2F747-B0E3-5CB5-592F-53B6BFDC8541}.Debug|x86.Build.0 = Debug|Win32
		{25D2F747-B0E3-5CB5-592F-53B6BFDC8541}.Release|x64.ActiveCfg = Release|x64
		{25D2F747-B0E3-5CB5-592F-53B6BFDC8541}.Release|x64.Build.0 = Release|x64
		{25D2F747-B0E3-5CB5-592F-53B6BFDC8541}.Release|x86.ActiveCfg = Release|Win32
		{25D2F747-B0E3-5CB5-592F-53B6BFDC8541}.Release|x86.Build.0 = Release|Win32
		{CD608112-AB2E-31E2-B928-152BF6DB4102}.Debug|x64.ActiveCfg = Debug|x64
		{CD608112-AB2E-31E2-B928-152BF6DB4102}.Debug|x64.Build.0 = Debug|x64
		{CD608112-AB2E-31E2-B928-152BF6DB4102}.Debug|x86.ActiveCfg = Debug|Win32
		{CD608112-AB2E-31E2-B928-152BF6DB4102}.Debug|x86.Build.0 = Debug|Win32
		{CD608112-AB2E-31E2-B928-152BF6DB4102}.Release|x64.ActiveCfg = Release|x64
		{CD608112-AB2E-31E2-B928-152BF6DB4102}.Release|x64.Build.0 = Release|x64
		{CD608112-AB2E-31E2-B928-152BF6DB4102}.Release|x86.ActiveCfg = Release|Win32
		{CD608112-AB2E-31E2-B928-152BF6DB4102}.Release|x86.Build.0 = Release|Win32
		{165C10F0-3C5E-5AB3-55CD-8F7814CB0511}.Debug|x64.ActiveCfg = Debug|x64
		{165C10F0-3C5E-5AB3-55CD-8F7814CB0511}.Debug|x64.Build.0 = Debug|x64
		{165C10F0-3C5E-5AB3-55CD-8F7814CB0511}.Debug|x86.ActiveCfg = Debug|Win32
		{165C10F0-3C5E-5AB3-55CD-8F7814CB0511}.Debug|x86.Build.0 = Debug|Win32
		{165C10F0-3C5E-5AB3-55CD-8F7814CB0511}.Release|x64.ActiveCfg = Release|x64
		{165C10F0-3C5E-5AB3-55CD-8F7814CB0511}.Release|x64.Build.0 = Release|x64
		{165C10F0-3C5E-5AB3-55CD-8F7814CB0511}.Release|x86.ActiveCfg = Release|Win32
		{165C10F0-3C5E-5AB3-55CD-8F7814CB0511}.Release|x86.Build.0 = Release|Win32
		{6A0E50BC-8D27-D6C1-5E0C-A9EA8365DAF7}.Debug|x64.ActiveCfg = Debug|x64
		{6A0E50BC-8D27-D6C1-5E0C-A9EA8365DAF7}.Debug|x64.Build.0 = Debug|x64
		{6A0E50BC-8D27-D6C1-5E0C-A9EA8365DAF7}.Debug|x86.ActiveCfg = Debug|Win32
		{6A0E50BC-8D27-D6C1-5E0C-A9EA8365DAF7}.Debug|x86.Build.0 = Debug|Win32
		{6A0E50BC-8D27-D6C1-5E0C-A9EA8365DAF7}.Release|x64.ActiveCfg = Release|x64
		{6A0E50BC-8D27-D6C1-5E0C-A9EA8365DAF7}.Release|x64.Build.0 = Release|x64
		{6A0E50BC-8D27-D6C1-5E0C-A9EA8365DAF7}.Release|x86.ActiveCfg = Release|Win32
		{6A0E50BC-8D27-D6C1-5E0C-A9EA8365DAF7}.Release|x86.Build.0 = Release|Win32
		{02576562-5369-62D5-0897-64D1B723A157}.Debug|x64.ActiveCfg = Debug|x64
		{02576562-5369-62D5-0897-64D1B723A157}.Debug|x64.Build.0 = Debug|x64
		{02576562-5369-62D5-0897-64D1B723A157}.Debug|x86.ActiveCfg = Debug|Win32
		{02576562-5369-62D5-0897-64D1B723A157}.Debug|x86.Build.0 = Debug|Win32
		{02576562-5369-62D5-0897-64D1B723A157}.Release|x64.ActiveCfg = Release|x64
		{02576562-5369-62D5-0897-64D1B723A157}.Release|x64.Build.0 = Release|x64
		{02576562-5369-62D5-0897-64D1B723A157}.Release|x86.ActiveCfg = Release|Win32
		{02576562-5369-62D5-0897-64D1B723A157}.Release|x86.Build.0 = Release|Win32
		{93685CD1-ADA3-5E60-B178-5DE3C74100BB}.Debug|x64.ActiveCfg = Debug|x64
		{93685CD1-ADA3-5E60-B178-5DE3C74100BB}.Debug|x64.Build.0 = Debug|x64
		{93685CD1-ADA3-5E60-B178-5DE3C74100BB}.Debug|x86.ActiveCfg = Debug|Win32
		{93685CD1-ADA3-5E60-B178-5DE3C74100BB}.Debug|x86.Build.0 = Debug|Win32
		{93685CD1-ADA3-5E60-B178-5DE3C74100BB}.Release|x64.ActiveCfg = Release|x64
		{93685CD1-ADA3-5E60-B178-5DE3C74100BB}.Release|x64.Build.0 = Release|x64
		{93685CD1-ADA3-5E60-B178-5DE3C74100BB}.Release|x86.ActiveCfg = Release|Win32
		{93685CD1-ADA3-5E60-B178-5DE3C74100BB}.Release|x86.Build.0 = Release|Win32
		{A8A6FE6E-A389-8BA4-8277-DFA8D9B9D657}.Debug|x64.ActiveCfg = Debug|x64
		{A8A6FE6E-A389-8BA4-8277-DFA8D9B9D657}.Debug|x64.Build.0 = Debug|x64
		{A8A6FE6E-A389-8BA4-8277-DFA8D9B9D657}.Debug|x86.ActiveCfg = Debug|Win32
		{A8A6FE6E-A389-8BA4-8277-DFA8D9B9D657}.Debug|x86.Build.0 = Debug|Win32
		{A8A6FE6E-A389-8BA4-8277-DFA8D9B9D657}.Release|x64.ActiveCfg = Release|x64
		{A8A6FE6E-A389-8BA4-8277-DFA8D9B9D657}.Release|x64.Build.0 = Release|x64
		{A8A6FE6E-A389-8BA4-8277-DFA8D9B9D657}.Release|x86.ActiveCfg = Release|Win32
		{A8A6FE6E-A389-8BA4-8277-DFA8D9B9D657}.Release|x86.Build.0 = Release|Win32
		{D127D3DF-7AEA-9FE4-4F8A-96C59E06F555}.Debug|x64.ActiveCfg = Debug|x64
		{D127D3DF-7AEA-9FE4-4F8A-96C59E06F555}.Debug|x64.Build.0 = Debug|x64
		{D127D3DF-7AEA-9FE4-4F8A-96C59E06F555}.Debug|x86.ActiveCfg = Debug|Win32
		{D127D3DF-7AEA-9FE4-4F8A-96C59E06F555}.Debug|x86.Build.0 = Debug|Win32
		{D127D3DF-7AEA-9FE4-4F8A-96C59E06F555}.Release|x64.ActiveCfg = Release|x64
		{D127D3DF-7AEA-9FE4-4F8A-96C59E06F555}.Release|x64.Build.0 = Release|x64
		{D127D3DF-7AEA-9FE4-4F8A-96C59E06F555}.Release|x86.ActiveCfg = Release|Win32
		{D127D3DF-7AEA-9FE4-4F8A-96C59E06F555}.Release|x86.Build.0 = Release|Win32
		{69F0746B-680D-7B6F-C1D8-4EC892E1E058}.Debug|x64.ActiveCfg = Debug|x64
		{69F0746B-680D-7B6F-C1D8-4EC892E1E058}.Debug|x64.Build.0 = Debug|x64
		{69F0746B-680D-7B6F-C1D8-4EC892E1E058}.Debug|x86.ActiveCfg = Debug|Win32
		{69F0746B-680D-7B6F-C1D8-4EC892E1E058}.Debug|x86.Build.0 = Debug|Win32
		{69F0746B-680D-7B6F-C1D8-4EC892E1E058}.Release|x64.ActiveCfg = Release|x64
		{69F0746B-680D-7B6F-C1D8-4EC892E1E058}.Release|x64.Build.0 = Release|x64
		{69F0746B-680D-7B6F-C1D8-4EC892E1E058}.Release|x86.ActiveCfg = Release|Win32
		{69F0746B-680D-7B6F-C1D8-4EC892E1E058}.Release|x86.Build.0 = Release|Win32
		{87365A1C-E062-414A-044B-8CDA849C76BB}.Debug|x64.ActiveCfg = Debug|x64
		{87365A1C-E062-414A-044B-8CDA849C76BB}.Debug|x64.Build.0 = Debug|x64
		{87365A1C-E062-414A-044B-8CDA849C76BB}.Debug|x86.ActiveCfg = Debug|Win32
		{87365A1C-E062-414A-044B-8CDA849C76BB}.Debug|x86.Build.0 = Debug|Win32
		{87365A1C-E062-414A-044B-8CDA849C76BB}.Release|x64.ActiveCfg = Release|x64
		{87365A1C-E062-414A-044B-8CDA849C76BB}.Release|x64.Build.0 = Release|x64
		{87365A1C-E062-414A-044B-8CDA849C76BB}.Release|x86.ActiveCfg = Release|Win32
		{87365A1C-E062-414A-044B-8CDA849C76BB}.Release|x86.Build.0 = Release|Win32
		{CAC269F2-3B7E-6EEE-F070-A282CC7B9DEC}.Debug|x64.ActiveCfg = Debug|x64
		{CAC269F2-3B7E-6EEE-F070-A282CC7B9DEC}.Debug|x64.Build.0 = Debug|x64
		{CAC269F2-3B7E-6EEE-F070-A282CC7B9DEC}.Debug|x86.ActiveCfg = Debug|Win32
		{CAC269F2-3B7E-6EEE-F070-A282CC7B9DEC}.Debug|x86.Build.0 = Debug|Win32
		{CAC269F2-3B7E-6EEE-F070-A282CC7B9DEC}.Release|x64.ActiveCfg = Release|x64
		{CAC269F2-3B7E-6EEE-F070-A282CC7B9DEC}.Release|x64.Build.0 = Release|x64
		{CAC269F2-3B7E-6EEE-F070-A282CC7B9DEC}.Release|x86.ActiveCfg = Release|Win32
		{CAC269F2-3B7E-6EEE-F070-A282CC7B9DEC}.Release|x86.Build.0 = Release|Win32
		{3286E462-B010-46DF-6550-A9943E69D08C}.Debug|x64.ActiveCfg = Debug|x64
		{3286E462-B010-46DF-6550-A9943E69D08C}.Debug|x64.Build.0 = Debug|x64
		{3286E462-B010-46DF-6550-A9943E69D08C}.Debug|x86.ActiveCfg = Debug|Win32
		{3286E462-B010-46DF-6550-A9943E69D08C}.Debug|x86.Build.0 = Debug|Win32
		{3286E462-B010-46DF-6550-A9943E69D08C}.Release|x64.ActiveCfg = Release|x64
		{3286E462-B010-46DF-6550-A9943E69D08C}.Release|x64.Build.0 = Release|x64
		{3286E462-B010-46DF-6550-A9943E69D08C}.Release|x86.ActiveCfg = Release|Win32
		{3286E462-B010-46DF-6550-A9943E69D08C}.Release|x86.Build.0 = Release|Win32
		{F4F56C4D-5F43-E6DF-68E2-23C4D16F0552}.Debug|x64.ActiveCfg = Debug|x64
		{F4F56C4D-5F43-E6DF-68E2-23C4D16F0552}.Debug|x64.Build.0 = Debug|x64
		{F4F56C4D-5F43-E6DF-68E2-23C4D16F0552}.Debug|x86.ActiveCfg = Debug|Win32
		{F4F56C4D-5F43-E6DF-68E2-23C4D16F0552}.Debug|x86.Build.0 = Debug|Win32
		{F4F56C4D-5F43-E6DF-68E2-23C4D16F0552}.Release|x64.ActiveCfg = Release|x64
		{F4F56C4D-5F43-E6DF-68E2-23C4D16F0552}.Release|x64.Build.0 = Release|x64
		{F4F56C4D-5F43-E6DF-68E2-23C4D16F0552}.Release|x86.ActiveCfg = Release|Win32
		{F4F56C4D-5F43-E6DF-68E2-23C4D16F0552}.Release|x86.Build.0 = Release|Win32
	EndGlobalSection
	GlobalSection(SolutionProperties) = preSolution
		HideSolutionNode = FALSE
	EndGlobalSection
	GlobalSection(ExtensibilityGlobals) = postSolution
		SolutionGuid = {D552C6B6-9E52-4211-B6B7-3AAF8917C8BD}
	EndGlobalSection
EndGlobal
