
Microsoft Visual Studio Solution File, Format Version 12.00
# Visual Studio Version 17
VisualStudioVersion = 17.10.34916.146
MinimumVisualStudioVersion = 10.0.40219.1
Project("{FAE04EC0-301F-11D3-BF4B-00C04F79EFBC}") = "FractalTreeApp", "FractalTreeApp\FractalTreeApp.csproj", "{C2236C31-87F4-4373-A256-545243B798C6}"
EndProject
Global
	GlobalSection(SolutionConfigurationPlatforms) = preSolution
		Debug|Any CPU = Debug|Any CPU
		Release|Any CPU = Release|Any CPU
	EndGlobalSection
	GlobalSection(ProjectConfigurationPlatforms) = postSolution
		{C2236C31-87F4-4373-A256-545243B798C6}.Debug|Any CPU.ActiveCfg = Debug|Any CPU
		{C2236C31-87F4-4373-A256-545243B798C6}.Debug|Any CPU.Build.0 = Debug|Any CPU
		{C2236C31-87F4-4373-A256-545243B798C6}.Release|Any CPU.ActiveCfg = Release|Any CPU
		{C2236C31-87F4-4373-A256-545243B798C6}.Release|Any CPU.Build.0 = Release|Any CPU
	EndGlobalSection
	GlobalSection(SolutionProperties) = preSolution
		HideSolutionNode = FALSE
	EndGlobalSection
	GlobalSection(ExtensibilityGlobals) = postSolution
		SolutionGuid = {723A7435-539F-4281-8128-98EAFC060E58}
	EndGlobalSection
EndGlobal
